
Microsoft Visual Studio Solution File, Format Version 12.00
# Visual Studio Version 16
VisualStudioVersion = 16.0.29519.181
MinimumVisualStudioVersion = 10.0.40219.1
Project("{FAE04EC0-301F-11D3-BF4B-00C04F79EFBC}") = "StoresIniCreator", "StoresIniCreater\StoresIniCreator.csproj", "{D91F980E-0E0C-42D4-B831-FCFFAE445849}"
EndProject
Global
	GlobalSection(SolutionConfigurationPlatforms) = preSolution
		Debug|Any CPU = Debug|Any CPU
		Release|Any CPU = Release|Any CPU
	EndGlobalSection
	GlobalSection(ProjectConfigurationPlatforms) = postSolution
		{D91F980E-0E0C-42D4-B831-FCFFAE445849}.Debug|Any CPU.ActiveCfg = Debug|Any CPU
		{D91F980E-0E0C-42D4-B831-FCFFAE445849}.Debug|Any CPU.Build.0 = Debug|Any CPU
		{D91F980E-0E0C-42D4-B831-FCFFAE445849}.Release|Any CPU.ActiveCfg = Release|Any CPU
		{D91F980E-0E0C-42D4-B831-FCFFAE445849}.Release|Any CPU.Build.0 = Release|Any CPU
	EndGlobalSection
	GlobalSection(SolutionProperties) = preSolution
		HideSolutionNode = FALSE
	EndGlobalSection
	GlobalSection(ExtensibilityGlobals) = postSolution
		SolutionGuid = {69FFE98F-F30C-4DDA-A428-C7371302D282}
	EndGlobalSection
EndGlobal
